
Microsoft Visual Studio Solution File, Format Version 12.00
# Visual Studio Version 16
VisualStudioVersion = 16.0.808.3
MinimumVisualStudioVersion = 10.0.40219.1
Project("{FAE04EC0-301F-11D3-BF4B-00C04F79EFBC}") = "XamarinFormsMSExtensions.Android", "XamarinFormsMSExtensions.Android\XamarinFormsMSExtensions.Android.csproj", "{FC696961-9BEF-4537-B3E2-F058DE276359}"
EndProject
Project("{FAE04EC0-301F-11D3-BF4B-00C04F79EFBC}") = "XamarinFormsMSExtensions.iOS", "XamarinFormsMSExtensions.iOS\XamarinFormsMSExtensions.iOS.csproj", "{9FC9EAF4-4153-4ED5-BB56-9B84B2B436F0}"
EndProject
Project("{FAE04EC0-301F-11D3-BF4B-00C04F79EFBC}") = "XamarinFormsMSExtensions", "XamarinFormsMSExtensions\XamarinFormsMSExtensions.csproj", "{95895A52-481C-4CB6-97D3-045C409FB860}"
EndProject
Global
	GlobalSection(SolutionConfigurationPlatforms) = preSolution
		Debug|Any CPU = Debug|Any CPU
		Release|Any CPU = Release|Any CPU
		Debug|iPhoneSimulator = Debug|iPhoneSimulator
		Release|iPhoneSimulator = Release|iPhoneSimulator
		Debug|iPhone = Debug|iPhone
		Release|iPhone = Release|iPhone
	EndGlobalSection
	GlobalSection(ProjectConfigurationPlatforms) = postSolution
		{FC696961-9BEF-4537-B3E2-F058DE276359}.Debug|Any CPU.ActiveCfg = Debug|Any CPU
		{FC696961-9BEF-4537-B3E2-F058DE276359}.Debug|Any CPU.Build.0 = Debug|Any CPU
		{FC696961-9BEF-4537-B3E2-F058DE276359}.Release|Any CPU.ActiveCfg = Release|Any CPU
		{FC696961-9BEF-4537-B3E2-F058DE276359}.Release|Any CPU.Build.0 = Release|Any CPU
		{FC696961-9BEF-4537-B3E2-F058DE276359}.Debug|iPhoneSimulator.ActiveCfg = Debug|Any CPU
		{FC696961-9BEF-4537-B3E2-F058DE276359}.Debug|iPhoneSimulator.Build.0 = Debug|Any CPU
		{FC696961-9BEF-4537-B3E2-F058DE276359}.Release|iPhoneSimulator.ActiveCfg = Release|Any CPU
		{FC696961-9BEF-4537-B3E2-F058DE276359}.Release|iPhoneSimulator.Build.0 = Release|Any CPU
		{FC696961-9BEF-4537-B3E2-F058DE276359}.Debug|iPhone.ActiveCfg = Debug|Any CPU
		{FC696961-9BEF-4537-B3E2-F058DE276359}.Debug|iPhone.Build.0 = Debug|Any CPU
		{FC696961-9BEF-4537-B3E2-F058DE276359}.Release|iPhone.ActiveCfg = Release|Any CPU
		{FC696961-9BEF-4537-B3E2-F058DE276359}.Release|iPhone.Build.0 = Release|Any CPU
		{9FC9EAF4-4153-4ED5-BB56-9B84B2B436F0}.Debug|Any CPU.ActiveCfg = Debug|iPhoneSimulator
		{9FC9EAF4-4153-4ED5-BB56-9B84B2B436F0}.Debug|Any CPU.Build.0 = Debug|iPhoneSimulator
		{9FC9EAF4-4153-4ED5-BB56-9B84B2B436F0}.Release|Any CPU.ActiveCfg = Release|iPhoneSimulator
		{9FC9EAF4-4153-4ED5-BB56-9B84B2B436F0}.Release|Any CPU.Build.0 = Release|iPhoneSimulator
		{9FC9EAF4-4153-4ED5-BB56-9B84B2B436F0}.Debug|iPhoneSimulator.ActiveCfg = Debug|iPhoneSimulator
		{9FC9EAF4-4153-4ED5-BB56-9B84B2B436F0}.Debug|iPhoneSimulator.Build.0 = Debug|iPhoneSimulator
		{9FC9EAF4-4153-4ED5-BB56-9B84B2B436F0}.Release|iPhoneSimulator.ActiveCfg = Release|iPhoneSimulator
		{9FC9EAF4-4153-4ED5-BB56-9B84B2B436F0}.Release|iPhoneSimulator.Build.0 = Release|iPhoneSimulator
		{9FC9EAF4-4153-4ED5-BB56-9B84B2B436F0}.Debug|iPhone.ActiveCfg = Debug|iPhone
		{9FC9EAF4-4153-4ED5-BB56-9B84B2B436F0}.Debug|iPhone.Build.0 = Debug|iPhone
		{9FC9EAF4-4153-4ED5-BB56-9B84B2B436F0}.Release|iPhone.ActiveCfg = Release|iPhone
		{9FC9EAF4-4153-4ED5-BB56-9B84B2B436F0}.Release|iPhone.Build.0 = Release|iPhone
		{95895A52-481C-4CB6-97D3-045C409FB860}.Debug|Any CPU.ActiveCfg = Debug|Any CPU
		{95895A52-481C-4CB6-97D3-045C409FB860}.Debug|Any CPU.Build.0 = Debug|Any CPU
		{95895A52-481C-4CB6-97D3-045C409FB860}.Release|Any CPU.ActiveCfg = Release|Any CPU
		{95895A52-481C-4CB6-97D3-045C409FB860}.Release|Any CPU.Build.0 = Release|Any CPU
		{95895A52-481C-4CB6-97D3-045C409FB860}.Debug|iPhoneSimulator.ActiveCfg = Debug|Any CPU
		{95895A52-481C-4CB6-97D3-045C409FB860}.Debug|iPhoneSimulator.Build.0 = Debug|Any CPU
		{95895A52-481C-4CB6-97D3-045C409FB860}.Release|iPhoneSimulator.ActiveCfg = Release|Any CPU
		{95895A52-481C-4CB6-97D3-045C409FB860}.Release|iPhoneSimulator.Build.0 = Release|Any CPU
		{95895A52-481C-4CB6-97D3-045C409FB860}.Debug|iPhone.ActiveCfg = Debug|Any CPU
		{95895A52-481C-4CB6-97D3-045C409FB860}.Debug|iPhone.Build.0 = Debug|Any CPU
		{95895A52-481C-4CB6-97D3-045C409FB860}.Release|iPhone.ActiveCfg = Release|Any CPU
		{95895A52-481C-4CB6-97D3-045C409FB860}.Release|iPhone.Build.0 = Release|Any CPU
	EndGlobalSection
	GlobalSection(SolutionProperties) = preSolution
		HideSolutionNode = FALSE
	EndGlobalSection
	GlobalSection(ExtensibilityGlobals) = postSolution
		SolutionGuid = {D61F842D-CDB4-486D-BFF1-F09002EBE946}
	EndGlobalSection
EndGlobal
